
Microsoft Visual Studio Solution File, Format Version 12.00
# Visual Studio 15
VisualStudioVersion = 15.0.27428.2037
MinimumVisualStudioVersion = 10.0.40219.1
Project("{FAE04EC0-301F-11D3-BF4B-00C04F79EFBC}") = "Kreativisyserp.Android", "Kreativisyserp\Kreativisyserp.Android\Kreativisyserp.Android.csproj", "{36D2DA89-02E5-4A28-A5DB-93CFEDBE939F}"
EndProject
Project("{FAE04EC0-301F-11D3-BF4B-00C04F79EFBC}") = "Kreativisyserp.iOS", "Kreativisyserp\Kreativisyserp.iOS\Kreativisyserp.iOS.csproj", "{3D13A51E-A54E-4DFC-9509-515DCAA26AC7}"
EndProject
Project("{FAE04EC0-301F-11D3-BF4B-00C04F79EFBC}") = "Kreativisyserp", "Kreativisyserp\Kreativisyserp\Kreativisyserp.csproj", "{B414D56A-363F-4933-831F-62F2A3A0C2CF}"
EndProject
Global
	GlobalSection(SolutionConfigurationPlatforms) = preSolution
		Ad-Hoc|Any CPU = Ad-Hoc|Any CPU
		Ad-Hoc|iPhone = Ad-Hoc|iPhone
		Ad-Hoc|iPhoneSimulator = Ad-Hoc|iPhoneSimulator
		AppStore|Any CPU = AppStore|Any CPU
		AppStore|iPhone = AppStore|iPhone
		AppStore|iPhoneSimulator = AppStore|iPhoneSimulator
		Debug|Any CPU = Debug|Any CPU
		Debug|iPhone = Debug|iPhone
		Debug|iPhoneSimulator = Debug|iPhoneSimulator
		Release|Any CPU = Release|Any CPU
		Release|iPhone = Release|iPhone
		Release|iPhoneSimulator = Release|iPhoneSimulator
	EndGlobalSection
	GlobalSection(ProjectConfigurationPlatforms) = postSolution
		{36D2DA89-02E5-4A28-A5DB-93CFEDBE939F}.Ad-Hoc|Any CPU.ActiveCfg = Release|Any CPU
		{36D2DA89-02E5-4A28-A5DB-93CFEDBE939F}.Ad-Hoc|Any CPU.Build.0 = Release|Any CPU
		{36D2DA89-02E5-4A28-A5DB-93CFEDBE939F}.Ad-Hoc|Any CPU.Deploy.0 = Release|Any CPU
		{36D2DA89-02E5-4A28-A5DB-93CFEDBE939F}.Ad-Hoc|iPhone.ActiveCfg = Release|Any CPU
		{36D2DA89-02E5-4A28-A5DB-93CFEDBE939F}.Ad-Hoc|iPhone.Build.0 = Release|Any CPU
		{36D2DA89-02E5-4A28-A5DB-93CFEDBE939F}.Ad-Hoc|iPhone.Deploy.0 = Release|Any CPU
		{36D2DA89-02E5-4A28-A5DB-93CFEDBE939F}.Ad-Hoc|iPhoneSimulator.ActiveCfg = Release|Any CPU
		{36D2DA89-02E5-4A28-A5DB-93CFEDBE939F}.Ad-Hoc|iPhoneSimulator.Build.0 = Release|Any CPU
		{36D2DA89-02E5-4A28-A5DB-93CFEDBE939F}.Ad-Hoc|iPhoneSimulator.Deploy.0 = Release|Any CPU
		{36D2DA89-02E5-4A28-A5DB-93CFEDBE939F}.AppStore|Any CPU.ActiveCfg = Release|Any CPU
		{36D2DA89-02E5-4A28-A5DB-93CFEDBE939F}.AppStore|Any CPU.Build.0 = Release|Any CPU
		{36D2DA89-02E5-4A28-A5DB-93CFEDBE939F}.AppStore|Any CPU.Deploy.0 = Release|Any CPU
		{36D2DA89-02E5-4A28-A5DB-93CFEDBE939F}.AppStore|iPhone.ActiveCfg = Release|Any CPU
		{36D2DA89-02E5-4A28-A5DB-93CFEDBE939F}.AppStore|iPhone.Build.0 = Release|Any CPU
		{36D2DA89-02E5-4A28-A5DB-93CFEDBE939F}.AppStore|iPhone.Deploy.0 = Release|Any CPU
		{36D2DA89-02E5-4A28-A5DB-93CFEDBE939F}.AppStore|iPhoneSimulator.ActiveCfg = Release|Any CPU
		{36D2DA89-02E5-4A28-A5DB-93CFEDBE939F}.AppStore|iPhoneSimulator.Build.0 = Release|Any CPU
		{36D2DA89-02E5-4A28-A5DB-93CFEDBE939F}.AppStore|iPhoneSimulator.Deploy.0 = Release|Any CPU
		{36D2DA89-02E5-4A28-A5DB-93CFEDBE939F}.Debug|Any CPU.ActiveCfg = Debug|Any CPU
		{36D2DA89-02E5-4A28-A5DB-93CFEDBE939F}.Debug|Any CPU.Build.0 = Debug|Any CPU
		{36D2DA89-02E5-4A28-A5DB-93CFEDBE939F}.Debug|Any CPU.Deploy.0 = Debug|Any CPU
		{36D2DA89-02E5-4A28-A5DB-93CFEDBE939F}.Debug|iPhone.ActiveCfg = Debug|Any CPU
		{36D2DA89-02E5-4A28-A5DB-93CFEDBE939F}.Debug|iPhone.Build.0 = Debug|Any CPU
		{36D2DA89-02E5-4A28-A5DB-93CFEDBE939F}.Debug|iPhone.Deploy.0 = Debug|Any CPU
		{36D2DA89-02E5-4A28-A5DB-93CFEDBE939F}.Debug|iPhoneSimulator.ActiveCfg = Debug|Any CPU
		{36D2DA89-02E5-4A28-A5DB-93CFEDBE939F}.Debug|iPhoneSimulator.Build.0 = Debug|Any CPU
		{36D2DA89-02E5-4A28-A5DB-93CFEDBE939F}.Debug|iPhoneSimulator.Deploy.0 = Debug|Any CPU
		{36D2DA89-02E5-4A28-A5DB-93CFEDBE939F}.Release|Any CPU.ActiveCfg = Release|Any CPU
		{36D2DA89-02E5-4A28-A5DB-93CFEDBE939F}.Release|Any CPU.Build.0 = Release|Any CPU
		{36D2DA89-02E5-4A28-A5DB-93CFEDBE939F}.Release|Any CPU.Deploy.0 = Release|Any CPU
		{36D2DA89-02E5-4A28-A5DB-93CFEDBE939F}.Release|iPhone.ActiveCfg = Release|Any CPU
		{36D2DA89-02E5-4A28-A5DB-93CFEDBE939F}.Release|iPhone.Build.0 = Release|Any CPU
		{36D2DA89-02E5-4A28-A5DB-93CFEDBE939F}.Release|iPhone.Deploy.0 = Release|Any CPU
		{36D2DA89-02E5-4A28-A5DB-93CFEDBE939F}.Release|iPhoneSimulator.ActiveCfg = Release|Any CPU
		{36D2DA89-02E5-4A28-A5DB-93CFEDBE939F}.Release|iPhoneSimulator.Build.0 = Release|Any CPU
		{36D2DA89-02E5-4A28-A5DB-93CFEDBE939F}.Release|iPhoneSimulator.Deploy.0 = Release|Any CPU
		{3D13A51E-A54E-4DFC-9509-515DCAA26AC7}.Ad-Hoc|Any CPU.ActiveCfg = Ad-Hoc|iPhone
		{3D13A51E-A54E-4DFC-9509-515DCAA26AC7}.Ad-Hoc|iPhone.ActiveCfg = Ad-Hoc|iPhone
		{3D13A51E-A54E-4DFC-9509-515DCAA26AC7}.Ad-Hoc|iPhone.Build.0 = Ad-Hoc|iPhone
		{3D13A51E-A54E-4DFC-9509-515DCAA26AC7}.Ad-Hoc|iPhoneSimulator.ActiveCfg = Ad-Hoc|iPhoneSimulator
		{3D13A51E-A54E-4DFC-9509-515DCAA26AC7}.Ad-Hoc|iPhoneSimulator.Build.0 = Ad-Hoc|iPhoneSimulator
		{3D13A51E-A54E-4DFC-9509-515DCAA26AC7}.AppStore|Any CPU.ActiveCfg = AppStore|iPhone
		{3D13A51E-A54E-4DFC-9509-515DCAA26AC7}.AppStore|iPhone.ActiveCfg = AppStore|iPhone
		{3D13A51E-A54E-4DFC-9509-515DCAA26AC7}.AppStore|iPhone.Build.0 = AppStore|iPhone
		{3D13A51E-A54E-4DFC-9509-515DCAA26AC7}.AppStore|iPhoneSimulator.ActiveCfg = AppStore|iPhoneSimulator
		{3D13A51E-A54E-4DFC-9509-515DCAA26AC7}.AppStore|iPhoneSimulator.Build.0 = AppStore|iPhoneSimulator
		{3D13A51E-A54E-4DFC-9509-515DCAA26AC7}.Debug|Any CPU.ActiveCfg = Debug|iPhone
		{3D13A51E-A54E-4DFC-9509-515DCAA26AC7}.Debug|iPhone.ActiveCfg = Debug|iPhone
		{3D13A51E-A54E-4DFC-9509-515DCAA26AC7}.Debug|iPhone.Build.0 = Debug|iPhone
		{3D13A51E-A54E-4DFC-9509-515DCAA26AC7}.Debug|iPhoneSimulator.ActiveCfg = Debug|iPhoneSimulator
		{3D13A51E-A54E-4DFC-9509-515DCAA26AC7}.Debug|iPhoneSimulator.Build.0 = Debug|iPhoneSimulator
		{3D13A51E-A54E-4DFC-9509-515DCAA26AC7}.Release|Any CPU.ActiveCfg = Release|iPhone
		{3D13A51E-A54E-4DFC-9509-515DCAA26AC7}.Release|iPhone.ActiveCfg = Release|iPhone
		{3D13A51E-A54E-4DFC-9509-515DCAA26AC7}.Release|iPhone.Build.0 = Release|iPhone
		{3D13A51E-A54E-4DFC-9509-515DCAA26AC7}.Release|iPhoneSimulator.ActiveCfg = Release|iPhoneSimulator
		{3D13A51E-A54E-4DFC-9509-515DCAA26AC7}.Release|iPhoneSimulator.Build.0 = Release|iPhoneSimulator
		{B414D56A-363F-4933-831F-62F2A3A0C2CF}.Ad-Hoc|Any CPU.ActiveCfg = Debug|Any CPU
		{B414D56A-363F-4933-831F-62F2A3A0C2CF}.Ad-Hoc|Any CPU.Build.0 = Debug|Any CPU
		{B414D56A-363F-4933-831F-62F2A3A0C2CF}.Ad-Hoc|iPhone.ActiveCfg = Debug|Any CPU
		{B414D56A-363F-4933-831F-62F2A3A0C2CF}.Ad-Hoc|iPhone.Build.0 = Debug|Any CPU
		{B414D56A-363F-4933-831F-62F2A3A0C2CF}.Ad-Hoc|iPhoneSimulator.ActiveCfg = Debug|Any CPU
		{B414D56A-363F-4933-831F-62F2A3A0C2CF}.Ad-Hoc|iPhoneSimulator.Build.0 = Debug|Any CPU
		{B414D56A-363F-4933-831F-62F2A3A0C2CF}.AppStore|Any CPU.ActiveCfg = Debug|Any CPU
		{B414D56A-363F-4933-831F-62F2A3A0C2CF}.AppStore|Any CPU.Build.0 = Debug|Any CPU
		{B414D56A-363F-4933-831F-62F2A3A0C2CF}.AppStore|iPhone.ActiveCfg = Debug|Any CPU
		{B414D56A-363F-4933-831F-62F2A3A0C2CF}.AppStore|iPhone.Build.0 = Debug|Any CPU
		{B414D56A-363F-4933-831F-62F2A3A0C2CF}.AppStore|iPhoneSimulator.ActiveCfg = Debug|Any CPU
		{B414D56A-363F-4933-831F-62F2A3A0C2CF}.AppStore|iPhoneSimulator.Build.0 = Debug|Any CPU
		{B414D56A-363F-4933-831F-62F2A3A0C2CF}.Debug|Any CPU.ActiveCfg = Debug|Any CPU
		{B414D56A-363F-4933-831F-62F2A3A0C2CF}.Debug|Any CPU.Build.0 = Debug|Any CPU
		{B414D56A-363F-4933-831F-62F2A3A0C2CF}.Debug|iPhone.ActiveCfg = Debug|Any CPU
		{B414D56A-363F-4933-831F-62F2A3A0C2CF}.Debug|iPhone.Build.0 = Debug|Any CPU
		{B414D56A-363F-4933-831F-62F2A3A0C2CF}.Debug|iPhoneSimulator.ActiveCfg = Debug|Any CPU
		{B414D56A-363F-4933-831F-62F2A3A0C2CF}.Debug|iPhoneSimulator.Build.0 = Debug|Any CPU
		{B414D56A-363F-4933-831F-62F2A3A0C2CF}.Release|Any CPU.ActiveCfg = Release|Any CPU
		{B414D56A-363F-4933-831F-62F2A3A0C2CF}.Release|Any CPU.Build.0 = Release|Any CPU
		{B414D56A-363F-4933-831F-62F2A3A0C2CF}.Release|iPhone.ActiveCfg = Release|Any CPU
		{B414D56A-363F-4933-831F-62F2A3A0C2CF}.Release|iPhone.Build.0 = Release|Any CPU
		{B414D56A-363F-4933-831F-62F2A3A0C2CF}.Release|iPhoneSimulator.ActiveCfg = Release|Any CPU
		{B414D56A-363F-4933-831F-62F2A3A0C2CF}.Release|iPhoneSimulator.Build.0 = Release|Any CPU
	EndGlobalSection
	GlobalSection(SolutionProperties) = preSolution
		HideSolutionNode = FALSE
	EndGlobalSection
	GlobalSection(ExtensibilityGlobals) = postSolution
		SolutionGuid = {841DB885-6143-4EC9-A223-EC18D28CAF03}
	EndGlobalSection
EndGlobal
